
Microsoft Visual Studio Solution File, Format Version 12.00
# Visual Studio Version 17
VisualStudioVersion = 17.6.33829.357
MinimumVisualStudioVersion = 10.0.40219.1
Project("{9A19103F-16F7-4668-BE54-9A1E7A4F7556}") = "Eid", "Eid.csproj", "{FDDC9F48-7B42-44CA-8226-C0F7C1304E18}"
EndProject
Project("{9A19103F-16F7-4668-BE54-9A1E7A4F7556}") = "Pkcs11Interop", "..\..\vendor\Pkcs11Interop-master\src\Pkcs11Interop\Pkcs11Interop.csproj", "{469EE3C0-2E11-4764-B7AE-B5D8632CFE88}"
EndProject
Global
	GlobalSection(SolutionConfigurationPlatforms) = preSolution
		Debug|Any CPU = Debug|Any CPU
		Release|Any CPU = Release|Any CPU
	EndGlobalSection
	GlobalSection(ProjectConfigurationPlatforms) = postSolution
		{FDDC9F48-7B42-44CA-8226-C0F7C1304E18}.Debug|Any CPU.ActiveCfg = Debug|Any CPU
		{FDDC9F48-7B42-44CA-8226-C0F7C1304E18}.Debug|Any CPU.Build.0 = Debug|Any CPU
		{FDDC9F48-7B42-44CA-8226-C0F7C1304E18}.Release|Any CPU.ActiveCfg = Release|Any CPU
		{FDDC9F48-7B42-44CA-8226-C0F7C1304E18}.Release|Any CPU.Build.0 = Release|Any CPU
		{469EE3C0-2E11-4764-B7AE-B5D8632CFE88}.Debug|Any CPU.ActiveCfg = Debug|Any CPU
		{469EE3C0-2E11-4764-B7AE-B5D8632CFE88}.Debug|Any CPU.Build.0 = Debug|Any CPU
		{469EE3C0-2E11-4764-B7AE-B5D8632CFE88}.Release|Any CPU.ActiveCfg = Release|Any CPU
		{469EE3C0-2E11-4764-B7AE-B5D8632CFE88}.Release|Any CPU.Build.0 = Release|Any CPU
	EndGlobalSection
	GlobalSection(SolutionProperties) = preSolution
		HideSolutionNode = FALSE
	EndGlobalSection
	GlobalSection(ExtensibilityGlobals) = postSolution
		SolutionGuid = {136B4ECF-51E2-4932-9CAB-98F40087E752}
	EndGlobalSection
EndGlobal
